
Microsoft Visual Studio Solution File, Format Version 12.00
# Visual Studio Version 17
VisualStudioVersion = 17.6.33815.320
MinimumVisualStudioVersion = 10.0.40219.1
Project("{9A19103F-16F7-4668-BE54-9A1E7A4F7556}") = "FoodDelivery", "FoodDelivery\FoodDelivery.csproj", "{98F0F197-C8F2-42A9-B3DA-706D338A728E}"
EndProject
Project("{9A19103F-16F7-4668-BE54-9A1E7A4F7556}") = "Contracts", "Contracts\Contracts.csproj", "{D513DCD3-A203-458C-B2A6-CE33775827B9}"
EndProject
Project("{9A19103F-16F7-4668-BE54-9A1E7A4F7556}") = "LoggerService", "LoggerService\LoggerService.csproj", "{E0E847B9-E8BC-4557-9CE7-0AED2D3CFAA4}"
EndProject
Project("{9A19103F-16F7-4668-BE54-9A1E7A4F7556}") = "Entities", "Entities\Entities.csproj", "{92B7F964-EF59-40E7-8E82-B1ED68F4DCF8}"
EndProject
Project("{9A19103F-16F7-4668-BE54-9A1E7A4F7556}") = "Repository", "Repository\Repository.csproj", "{E2C13EA6-9C36-40B3-9F14-CCCC8C73CABD}"
EndProject
Project("{9A19103F-16F7-4668-BE54-9A1E7A4F7556}") = "Shared", "Shared\Shared.csproj", "{0AC66C39-6AA0-493C-857F-3DF4DFA5A900}"
EndProject
Project("{FAE04EC0-301F-11D3-BF4B-00C04F79EFBC}") = "Service.Contracts", "Service.Contracts\Service.Contracts.csproj", "{A0CEBD83-F362-464B-A0BD-11961C9AB610}"
EndProject
Project("{FAE04EC0-301F-11D3-BF4B-00C04F79EFBC}") = "Service", "Service\Service.csproj", "{E969B7B5-B215-4F6E-A110-682969508F4A}"
EndProject
Global
	GlobalSection(SolutionConfigurationPlatforms) = preSolution
		Debug|Any CPU = Debug|Any CPU
		Release|Any CPU = Release|Any CPU
	EndGlobalSection
	GlobalSection(ProjectConfigurationPlatforms) = postSolution
		{98F0F197-C8F2-42A9-B3DA-706D338A728E}.Debug|Any CPU.ActiveCfg = Debug|Any CPU
		{98F0F197-C8F2-42A9-B3DA-706D338A728E}.Debug|Any CPU.Build.0 = Debug|Any CPU
		{98F0F197-C8F2-42A9-B3DA-706D338A728E}.Release|Any CPU.ActiveCfg = Release|Any CPU
		{98F0F197-C8F2-42A9-B3DA-706D338A728E}.Release|Any CPU.Build.0 = Release|Any CPU
		{D513DCD3-A203-458C-B2A6-CE33775827B9}.Debug|Any CPU.ActiveCfg = Debug|Any CPU
		{D513DCD3-A203-458C-B2A6-CE33775827B9}.Debug|Any CPU.Build.0 = Debug|Any CPU
		{D513DCD3-A203-458C-B2A6-CE33775827B9}.Release|Any CPU.ActiveCfg = Release|Any CPU
		{D513DCD3-A203-458C-B2A6-CE33775827B9}.Release|Any CPU.Build.0 = Release|Any CPU
		{E0E847B9-E8BC-4557-9CE7-0AED2D3CFAA4}.Debug|Any CPU.ActiveCfg = Debug|Any CPU
		{E0E847B9-E8BC-4557-9CE7-0AED2D3CFAA4}.Debug|Any CPU.Build.0 = Debug|Any CPU
		{E0E847B9-E8BC-4557-9CE7-0AED2D3CFAA4}.Release|Any CPU.ActiveCfg = Release|Any CPU
		{E0E847B9-E8BC-4557-9CE7-0AED2D3CFAA4}.Release|Any CPU.Build.0 = Release|Any CPU
		{92B7F964-EF59-40E7-8E82-B1ED68F4DCF8}.Debug|Any CPU.ActiveCfg = Debug|Any CPU
		{92B7F964-EF59-40E7-8E82-B1ED68F4DCF8}.Debug|Any CPU.Build.0 = Debug|Any CPU
		{92B7F964-EF59-40E7-8E82-B1ED68F4DCF8}.Release|Any CPU.ActiveCfg = Release|Any CPU
		{92B7F964-EF59-40E7-8E82-B1ED68F4DCF8}.Release|Any CPU.Build.0 = Release|Any CPU
		{E2C13EA6-9C36-40B3-9F14-CCCC8C73CABD}.Debug|Any CPU.ActiveCfg = Debug|Any CPU
		{E2C13EA6-9C36-40B3-9F14-CCCC8C73CABD}.Debug|Any CPU.Build.0 = Debug|Any CPU
		{E2C13EA6-9C36-40B3-9F14-CCCC8C73CABD}.Release|Any CPU.ActiveCfg = Release|Any CPU
		{E2C13EA6-9C36-40B3-9F14-CCCC8C73CABD}.Release|Any CPU.Build.0 = Release|Any CPU
		{0AC66C39-6AA0-493C-857F-3DF4DFA5A900}.Debug|Any CPU.ActiveCfg = Debug|Any CPU
		{0AC66C39-6AA0-493C-857F-3DF4DFA5A900}.Debug|Any CPU.Build.0 = Debug|Any CPU
		{0AC66C39-6AA0-493C-857F-3DF4DFA5A900}.Release|Any CPU.ActiveCfg = Release|Any CPU
		{0AC66C39-6AA0-493C-857F-3DF4DFA5A900}.Release|Any CPU.Build.0 = Release|Any CPU
		{A0CEBD83-F362-464B-A0BD-11961C9AB610}.Debug|Any CPU.ActiveCfg = Debug|Any CPU
		{A0CEBD83-F362-464B-A0BD-11961C9AB610}.Debug|Any CPU.Build.0 = Debug|Any CPU
		{A0CEBD83-F362-464B-A0BD-11961C9AB610}.Release|Any CPU.ActiveCfg = Release|Any CPU
		{A0CEBD83-F362-464B-A0BD-11961C9AB610}.Release|Any CPU.Build.0 = Release|Any CPU
		{E969B7B5-B215-4F6E-A110-682969508F4A}.Debug|Any CPU.ActiveCfg = Debug|Any CPU
		{E969B7B5-B215-4F6E-A110-682969508F4A}.Debug|Any CPU.Build.0 = Debug|Any CPU
		{E969B7B5-B215-4F6E-A110-682969508F4A}.Release|Any CPU.ActiveCfg = Release|Any CPU
		{E969B7B5-B215-4F6E-A110-682969508F4A}.Release|Any CPU.Build.0 = Release|Any CPU
	EndGlobalSection
	GlobalSection(SolutionProperties) = preSolution
		HideSolutionNode = FALSE
	EndGlobalSection
	GlobalSection(ExtensibilityGlobals) = postSolution
		SolutionGuid = {18446529-83E9-4190-8402-A7BE3C8A8500}
	EndGlobalSection
EndGlobal
